uuid: a64fe18b-ddb1-4bb9-ba8a-3e9681dc05e2
langcode: en
status: true
dependencies:
  module:
    - user_content_bar
  theme:
    - megacourse
id: usercontentbarblock
theme: megacourse
region: top_header
weight: -10
provider: null
plugin: user_content_bar_block
settings:
  id: user_content_bar_block
  label: 'User Content Bar Block'
  provider: user_content_bar
  label_display: '0'
visibility: {  }
